
Microsoft Visual Studio Solution File, Format Version 12.00
# Visual Studio 15
VisualStudioVersion = 15.0.27130.2010
MinimumVisualStudioVersion = 10.0.40219.1
Project("{FAE04EC0-301F-11D3-BF4B-00C04F79EFBC}") = "SupHost", "SupHost\SupHost.csproj", "{26CA47B8-6802-4D1E-93A8-B3B2F9B5EB57}"
EndProject
Project("{FAE04EC0-301F-11D3-BF4B-00C04F79EFBC}") = "SupContract", "SupContract\SupContract.csproj", "{EE82210E-6E55-48BB-A558-FA78C966CC9B}"
EndProject
Project("{FAE04EC0-301F-11D3-BF4B-00C04F79EFBC}") = "SupTestClientWPF", "SupTestClient\SupTestClientWPF.csproj", "{8E62D947-8EE7-4F95-8396-CB5578A20DEE}"
EndProject
Project("{FAE04EC0-301F-11D3-BF4B-00C04F79EFBC}") = "SupTestClientConsole", "SupTestClientConsole\SupTestClientConsole.csproj", "{F678040F-7001-412E-AD50-B6D770048CA9}"
EndProject
Project("{2150E333-8FDC-42A3-9474-1A3956D46DE8}") = "Manual", "Manual", "{6E92BA8D-D0BA-47F0-BDEC-D1B87AD6EBC4}"
	ProjectSection(SolutionItems) = preProject
		Manual.html = Manual.html
	EndProjectSection
EndProject
Project("{FAE04EC0-301F-11D3-BF4B-00C04F79EFBC}") = "SUPClient", "SUPClient\SUPClient.csproj", "{1AF477DA-8AF3-41D7-8CD9-BC9F8400F898}"
EndProject
Project("{FAE04EC0-301F-11D3-BF4B-00C04F79EFBC}") = "SupClientConnectionLib", "SupClientConnectionLib\SupClientConnectionLib.csproj", "{82871529-5311-44BA-96A8-ADBE27300D03}"
EndProject
Project("{2150E333-8FDC-42A3-9474-1A3956D46DE8}") = "Databases", "Databases", "{BD16B3D5-58FA-4D9E-AA36-12073EC0875B}"
	ProjectSection(SolutionItems) = preProject
		Databases\CreateTestDatas.sql = Databases\CreateTestDatas.sql
		Databases\CreateVisitors.sql = Databases\CreateVisitors.sql
		CreateVisitorsBaseData.sql = CreateVisitorsBaseData.sql
		Databases\CreateVisitorsImages.sql = Databases\CreateVisitorsImages.sql
		Databases\CreateVisitorsLogs.sql = Databases\CreateVisitorsLogs.sql
		Databases\StartCreatingDataBases.sql = Databases\StartCreatingDataBases.sql
		Databases\StartCreatingDataBasesSQLCMD.sql = Databases\StartCreatingDataBasesSQLCMD.sql
	EndProjectSection
EndProject
Project("{FAE04EC0-301F-11D3-BF4B-00C04F79EFBC}") = "SupRealClient", "SupRealClient\SupRealClient.csproj", "{DA7906D0-D57E-4BC2-B4A9-8D0400AC1CA0}"
EndProject
Project("{FAE04EC0-301F-11D3-BF4B-00C04F79EFBC}") = "AndoverImportTest", "AndoverImportTest\AndoverImportTest.csproj", "{C7E3FD7B-CF75-4D40-994A-A9B535F5BC02}"
EndProject
Project("{FAE04EC0-301F-11D3-BF4B-00C04F79EFBC}") = "AndoverExportTest", "AndoverExportTest\AndoverExportTest.csproj", "{68ADBE6D-6D19-413F-8212-13671DA81CA8}"
EndProject
Project("{FAE04EC0-301F-11D3-BF4B-00C04F79EFBC}") = "AndoverPersonsManager", "AndoverPersonsManager\AndoverPersonsManager.csproj", "{1709F48A-5F83-40B9-9274-2531CD5CD896}"
EndProject
Project("{FAE04EC0-301F-11D3-BF4B-00C04F79EFBC}") = "AndoverLib", "AndoverLib\AndoverLib.csproj", "{011C7D33-710F-4852-987A-05D09352B64D}"
EndProject
Project("{FAE04EC0-301F-11D3-BF4B-00C04F79EFBC}") = "AndoverAgent", "AndoverAgent\AndoverAgent.csproj", "{6089BC57-5FE3-428E-AD20-0147C11D0B00}"
EndProject
Project("{FAE04EC0-301F-11D3-BF4B-00C04F79EFBC}") = "AndoverClient", "AndoverClient\AndoverClient.csproj", "{51E5ADE9-2E02-42D2-913E-44D2D7944C2D}"
EndProject
Global
	GlobalSection(SolutionConfigurationPlatforms) = preSolution
		Debug|Any CPU = Debug|Any CPU
		Release|Any CPU = Release|Any CPU
	EndGlobalSection
	GlobalSection(ProjectConfigurationPlatforms) = postSolution
		{26CA47B8-6802-4D1E-93A8-B3B2F9B5EB57}.Debug|Any CPU.ActiveCfg = Debug|Any CPU
		{26CA47B8-6802-4D1E-93A8-B3B2F9B5EB57}.Debug|Any CPU.Build.0 = Debug|Any CPU
		{26CA47B8-6802-4D1E-93A8-B3B2F9B5EB57}.Release|Any CPU.ActiveCfg = Release|Any CPU
		{26CA47B8-6802-4D1E-93A8-B3B2F9B5EB57}.Release|Any CPU.Build.0 = Release|Any CPU
		{EE82210E-6E55-48BB-A558-FA78C966CC9B}.Debug|Any CPU.ActiveCfg = Debug|Any CPU
		{EE82210E-6E55-48BB-A558-FA78C966CC9B}.Debug|Any CPU.Build.0 = Debug|Any CPU
		{EE82210E-6E55-48BB-A558-FA78C966CC9B}.Release|Any CPU.ActiveCfg = Release|Any CPU
		{EE82210E-6E55-48BB-A558-FA78C966CC9B}.Release|Any CPU.Build.0 = Release|Any CPU
		{8E62D947-8EE7-4F95-8396-CB5578A20DEE}.Debug|Any CPU.ActiveCfg = Debug|Any CPU
		{8E62D947-8EE7-4F95-8396-CB5578A20DEE}.Debug|Any CPU.Build.0 = Debug|Any CPU
		{8E62D947-8EE7-4F95-8396-CB5578A20DEE}.Release|Any CPU.ActiveCfg = Release|Any CPU
		{8E62D947-8EE7-4F95-8396-CB5578A20DEE}.Release|Any CPU.Build.0 = Release|Any CPU
		{F678040F-7001-412E-AD50-B6D770048CA9}.Debug|Any CPU.ActiveCfg = Debug|Any CPU
		{F678040F-7001-412E-AD50-B6D770048CA9}.Debug|Any CPU.Build.0 = Debug|Any CPU
		{F678040F-7001-412E-AD50-B6D770048CA9}.Release|Any CPU.ActiveCfg = Release|Any CPU
		{F678040F-7001-412E-AD50-B6D770048CA9}.Release|Any CPU.Build.0 = Release|Any CPU
		{1AF477DA-8AF3-41D7-8CD9-BC9F8400F898}.Debug|Any CPU.ActiveCfg = Debug|Any CPU
		{1AF477DA-8AF3-41D7-8CD9-BC9F8400F898}.Debug|Any CPU.Build.0 = Debug|Any CPU
		{1AF477DA-8AF3-41D7-8CD9-BC9F8400F898}.Release|Any CPU.ActiveCfg = Release|Any CPU
		{1AF477DA-8AF3-41D7-8CD9-BC9F8400F898}.Release|Any CPU.Build.0 = Release|Any CPU
		{82871529-5311-44BA-96A8-ADBE27300D03}.Debug|Any CPU.ActiveCfg = Debug|Any CPU
		{82871529-5311-44BA-96A8-ADBE27300D03}.Debug|Any CPU.Build.0 = Debug|Any CPU
		{82871529-5311-44BA-96A8-ADBE27300D03}.Release|Any CPU.ActiveCfg = Release|Any CPU
		{82871529-5311-44BA-96A8-ADBE27300D03}.Release|Any CPU.Build.0 = Release|Any CPU
		{DA7906D0-D57E-4BC2-B4A9-8D0400AC1CA0}.Debug|Any CPU.ActiveCfg = Debug|Any CPU
		{DA7906D0-D57E-4BC2-B4A9-8D0400AC1CA0}.Debug|Any CPU.Build.0 = Debug|Any CPU
		{DA7906D0-D57E-4BC2-B4A9-8D0400AC1CA0}.Release|Any CPU.ActiveCfg = Release|Any CPU
		{DA7906D0-D57E-4BC2-B4A9-8D0400AC1CA0}.Release|Any CPU.Build.0 = Release|Any CPU
		{C7E3FD7B-CF75-4D40-994A-A9B535F5BC02}.Debug|Any CPU.ActiveCfg = Debug|Any CPU
		{C7E3FD7B-CF75-4D40-994A-A9B535F5BC02}.Debug|Any CPU.Build.0 = Debug|Any CPU
		{C7E3FD7B-CF75-4D40-994A-A9B535F5BC02}.Release|Any CPU.ActiveCfg = Release|Any CPU
		{C7E3FD7B-CF75-4D40-994A-A9B535F5BC02}.Release|Any CPU.Build.0 = Release|Any CPU
		{68ADBE6D-6D19-413F-8212-13671DA81CA8}.Debug|Any CPU.ActiveCfg = Debug|Any CPU
		{68ADBE6D-6D19-413F-8212-13671DA81CA8}.Debug|Any CPU.Build.0 = Debug|Any CPU
		{68ADBE6D-6D19-413F-8212-13671DA81CA8}.Release|Any CPU.ActiveCfg = Release|Any CPU
		{68ADBE6D-6D19-413F-8212-13671DA81CA8}.Release|Any CPU.Build.0 = Release|Any CPU
		{1709F48A-5F83-40B9-9274-2531CD5CD896}.Debug|Any CPU.ActiveCfg = Debug|Any CPU
		{1709F48A-5F83-40B9-9274-2531CD5CD896}.Debug|Any CPU.Build.0 = Debug|Any CPU
		{1709F48A-5F83-40B9-9274-2531CD5CD896}.Release|Any CPU.ActiveCfg = Release|Any CPU
		{1709F48A-5F83-40B9-9274-2531CD5CD896}.Release|Any CPU.Build.0 = Release|Any CPU
		{011C7D33-710F-4852-987A-05D09352B64D}.Debug|Any CPU.ActiveCfg = Debug|Any CPU
		{011C7D33-710F-4852-987A-05D09352B64D}.Debug|Any CPU.Build.0 = Debug|Any CPU
		{011C7D33-710F-4852-987A-05D09352B64D}.Release|Any CPU.ActiveCfg = Release|Any CPU
		{011C7D33-710F-4852-987A-05D09352B64D}.Release|Any CPU.Build.0 = Release|Any CPU
		{6089BC57-5FE3-428E-AD20-0147C11D0B00}.Debug|Any CPU.ActiveCfg = Debug|Any CPU
		{6089BC57-5FE3-428E-AD20-0147C11D0B00}.Debug|Any CPU.Build.0 = Debug|Any CPU
		{6089BC57-5FE3-428E-AD20-0147C11D0B00}.Release|Any CPU.ActiveCfg = Release|Any CPU
		{6089BC57-5FE3-428E-AD20-0147C11D0B00}.Release|Any CPU.Build.0 = Release|Any CPU
		{51E5ADE9-2E02-42D2-913E-44D2D7944C2D}.Debug|Any CPU.ActiveCfg = Debug|Any CPU
		{51E5ADE9-2E02-42D2-913E-44D2D7944C2D}.Debug|Any CPU.Build.0 = Debug|Any CPU
		{51E5ADE9-2E02-42D2-913E-44D2D7944C2D}.Release|Any CPU.ActiveCfg = Release|Any CPU
		{51E5ADE9-2E02-42D2-913E-44D2D7944C2D}.Release|Any CPU.Build.0 = Release|Any CPU
	EndGlobalSection
	GlobalSection(SolutionProperties) = preSolution
		HideSolutionNode = FALSE
	EndGlobalSection
	GlobalSection(ExtensibilityGlobals) = postSolution
		SolutionGuid = {FB6BE81F-6EC8-4D12-9E75-A4D5FE727466}
	EndGlobalSection
EndGlobal
